
Microsoft Visual Studio Solution File, Format Version 12.00
# Visual Studio Version 16
VisualStudioVersion = 16.0.29709.97
MinimumVisualStudioVersion = 10.0.40219.1
Project("{FAE04EC0-301F-11D3-BF4B-00C04F79EFBC}") = "SchoolAPIDB", "SchoolAPIDB\SchoolAPIDB.csproj", "{8115170A-1375-4B20-A204-FB3D5A391053}"
EndProject
Global
	GlobalSection(SolutionConfigurationPlatforms) = preSolution
		Debug|Any CPU = Debug|Any CPU
		Release|Any CPU = Release|Any CPU
	EndGlobalSection
	GlobalSection(ProjectConfigurationPlatforms) = postSolution
		{8115170A-1375-4B20-A204-FB3D5A391053}.Debug|Any CPU.ActiveCfg = Debug|Any CPU
		{8115170A-1375-4B20-A204-FB3D5A391053}.Debug|Any CPU.Build.0 = Debug|Any CPU
		{8115170A-1375-4B20-A204-FB3D5A391053}.Release|Any CPU.ActiveCfg = Release|Any CPU
		{8115170A-1375-4B20-A204-FB3D5A391053}.Release|Any CPU.Build.0 = Release|Any CPU
	EndGlobalSection
	GlobalSection(SolutionProperties) = preSolution
		HideSolutionNode = FALSE
	EndGlobalSection
	GlobalSection(ExtensibilityGlobals) = postSolution
		SolutionGuid = {8A4F190D-5290-4782-81DB-D5FAA2C92C96}
	EndGlobalSection
EndGlobal
